
Microsoft Visual Studio Solution File, Format Version 11.00
# Visual Studio 2010
Project("{8BC9CEB8-8B4A-11D0-8D11-00A0C91BC942}") = "Serv", "Serv\Serv.vcxproj", "{2023F65A-15AD-4568-A77A-3ED796A1D997}"
EndProject
Project("{8BC9CEB8-8B4A-11D0-8D11-00A0C91BC942}") = "Clnt", "Clnt\Clnt.vcxproj", "{2EDEE7A6-2507-4A8F-A669-9D437DDF2BEE}"
EndProject
Global
	GlobalSection(SolutionConfigurationPlatforms) = preSolution
		Debug|Win32 = Debug|Win32
		Release|Win32 = Release|Win32
	EndGlobalSection
	GlobalSection(ProjectConfigurationPlatforms) = postSolution
		{2023F65A-15AD-4568-A77A-3ED796A1D997}.Debug|Win32.ActiveCfg = Debug|Win32
		{2023F65A-15AD-4568-A77A-3ED796A1D997}.Debug|Win32.Build.0 = Debug|Win32
		{2023F65A-15AD-4568-A77A-3ED796A1D997}.Release|Win32.ActiveCfg = Release|Win32
		{2023F65A-15AD-4568-A77A-3ED796A1D997}.Release|Win32.Build.0 = Release|Win32
		{2EDEE7A6-2507-4A8F-A669-9D437DDF2BEE}.Debug|Win32.ActiveCfg = Debug|Win32
		{2EDEE7A6-2507-4A8F-A669-9D437DDF2BEE}.Debug|Win32.Build.0 = Debug|Win32
		{2EDEE7A6-2507-4A8F-A669-9D437DDF2BEE}.Release|Win32.ActiveCfg = Release|Win32
		{2EDEE7A6-2507-4A8F-A669-9D437DDF2BEE}.Release|Win32.Build.0 = Release|Win32
	EndGlobalSection
	GlobalSection(SolutionProperties) = preSolution
		HideSolutionNode = FALSE
	EndGlobalSection
EndGlobal
