
Microsoft Visual Studio Solution File, Format Version 11.00
# Visual Studio 2010
Project("{8BC9CEB8-8B4A-11D0-8D11-00A0C91BC942}") = "WSAAsyncSelectServ", "WSAAsyncSelectServ\WSAAsyncSelectServ.vcxproj", "{019492A1-386D-46F5-B1A4-C065F774157E}"
EndProject
Project("{8BC9CEB8-8B4A-11D0-8D11-00A0C91BC942}") = "Clnt", "Clnt\Clnt.vcxproj", "{AA9A791C-43B6-49CD-A17A-9779AAF694DB}"
EndProject
Global
	GlobalSection(SolutionConfigurationPlatforms) = preSolution
		Debug|Win32 = Debug|Win32
		Release|Win32 = Release|Win32
	EndGlobalSection
	GlobalSection(ProjectConfigurationPlatforms) = postSolution
		{019492A1-386D-46F5-B1A4-C065F774157E}.Debug|Win32.ActiveCfg = Debug|Win32
		{019492A1-386D-46F5-B1A4-C065F774157E}.Debug|Win32.Build.0 = Debug|Win32
		{019492A1-386D-46F5-B1A4-C065F774157E}.Release|Win32.ActiveCfg = Release|Win32
		{019492A1-386D-46F5-B1A4-C065F774157E}.Release|Win32.Build.0 = Release|Win32
		{AA9A791C-43B6-49CD-A17A-9779AAF694DB}.Debug|Win32.ActiveCfg = Debug|Win32
		{AA9A791C-43B6-49CD-A17A-9779AAF694DB}.Debug|Win32.Build.0 = Debug|Win32
		{AA9A791C-43B6-49CD-A17A-9779AAF694DB}.Release|Win32.ActiveCfg = Release|Win32
		{AA9A791C-43B6-49CD-A17A-9779AAF694DB}.Release|Win32.Build.0 = Release|Win32
	EndGlobalSection
	GlobalSection(SolutionProperties) = preSolution
		HideSolutionNode = FALSE
	EndGlobalSection
EndGlobal
